<?xml version="1.0" encoding="UTF-8"?>
<!DOCTYPE plist PUBLIC "-//Apple//DTD PLIST 1.0//EN" "http://www.apple.com/DTDs/PropertyList-1.0.dtd">
<plist version="1.0">
<dict>
	<key>hostname</key>
	<string>Brealys-MacBook-Air.local</string>
	<key>hostuuid</key>
	<string>41CCD02B-82EB-57CB-804B-24CA49DAB8B6</string>
	<key>pid</key>
	<integer>567</integer>
	<key>processname</key>
	<string>photolibraryd</string>
	<key>uid</key>
	<integer>501</integer>
</dict>
</plist>
